
Microsoft Visual Studio Solution File, Format Version 12.00
# Visual Studio 14
VisualStudioVersion = 14.0.25420.1
MinimumVisualStudioVersion = 10.0.40219.1
Project("{FAE04EC0-301F-11D3-BF4B-00C04F79EFBC}") = "VTSBiblioteka", "VTSBiblioteka\VTSBiblioteka.csproj", "{BFDE425C-C449-4110-91CD-FDA8CAAB0782}"
EndProject
Project("{54435603-DBB4-11D2-8724-00A0C9A8B90C}") = "BIBAR_Setup", "BIBAR_Setup\BIBAR_Setup.vdproj", "{A709B72E-E65E-49D7-81D6-2B83E89A6713}"
EndProject
Global
	GlobalSection(SolutionConfigurationPlatforms) = preSolution
		Debug|Any CPU = Debug|Any CPU
		Release|Any CPU = Release|Any CPU
	EndGlobalSection
	GlobalSection(ProjectConfigurationPlatforms) = postSolution
		{BFDE425C-C449-4110-91CD-FDA8CAAB0782}.Debug|Any CPU.ActiveCfg = Debug|Any CPU
		{BFDE425C-C449-4110-91CD-FDA8CAAB0782}.Debug|Any CPU.Build.0 = Debug|Any CPU
		{BFDE425C-C449-4110-91CD-FDA8CAAB0782}.Release|Any CPU.ActiveCfg = Release|Any CPU
		{BFDE425C-C449-4110-91CD-FDA8CAAB0782}.Release|Any CPU.Build.0 = Release|Any CPU
		{A709B72E-E65E-49D7-81D6-2B83E89A6713}.Debug|Any CPU.ActiveCfg = Debug
		{A709B72E-E65E-49D7-81D6-2B83E89A6713}.Release|Any CPU.ActiveCfg = Release
	EndGlobalSection
	GlobalSection(SolutionProperties) = preSolution
		HideSolutionNode = FALSE
	EndGlobalSection
EndGlobal
